
Microsoft Visual Studio Solution File, Format Version 12.00
# Visual Studio Version 16
VisualStudioVersion = 16.0.30717.126
MinimumVisualStudioVersion = 10.0.40219.1
Project("{888888A0-9F3D-457C-B088-3A5042F75D52}") = "9", "9\9.pyproj", "{5893C2EC-BC69-406E-B5FD-33F7A111DE63}"
EndProject
Global
	GlobalSection(SolutionConfigurationPlatforms) = preSolution
		Debug|Any CPU = Debug|Any CPU
		Release|Any CPU = Release|Any CPU
	EndGlobalSection
	GlobalSection(ProjectConfigurationPlatforms) = postSolution
		{5893C2EC-BC69-406E-B5FD-33F7A111DE63}.Debug|Any CPU.ActiveCfg = Debug|Any CPU
		{5893C2EC-BC69-406E-B5FD-33F7A111DE63}.Release|Any CPU.ActiveCfg = Release|Any CPU
	EndGlobalSection
	GlobalSection(SolutionProperties) = preSolution
		HideSolutionNode = FALSE
	EndGlobalSection
	GlobalSection(ExtensibilityGlobals) = postSolution
		SolutionGuid = {54A65C4E-9521-4797-A5BC-AF47124B7A90}
	EndGlobalSection
EndGlobal
