
Microsoft Visual Studio Solution File, Format Version 12.00
# Visual Studio Version 16
VisualStudioVersion = 16.0.31911.196
MinimumVisualStudioVersion = 10.0.40219.1
Project("{888888A0-9F3D-457C-B088-3A5042F75D52}") = "PythonApplication82", "PythonApplication82\PythonApplication82.pyproj", "{BD87AA14-5495-4CC9-B421-2DF0C4997595}"
EndProject
Global
	GlobalSection(SolutionConfigurationPlatforms) = preSolution
		Debug|Any CPU = Debug|Any CPU
		Release|Any CPU = Release|Any CPU
	EndGlobalSection
	GlobalSection(ProjectConfigurationPlatforms) = postSolution
		{BD87AA14-5495-4CC9-B421-2DF0C4997595}.Debug|Any CPU.ActiveCfg = Debug|Any CPU
		{BD87AA14-5495-4CC9-B421-2DF0C4997595}.Release|Any CPU.ActiveCfg = Release|Any CPU
	EndGlobalSection
	GlobalSection(SolutionProperties) = preSolution
		HideSolutionNode = FALSE
	EndGlobalSection
	GlobalSection(ExtensibilityGlobals) = postSolution
		SolutionGuid = {3AD306B2-9EA0-4D41-8B24-C39BE44AF836}
	EndGlobalSection
EndGlobal
