
Microsoft Visual Studio Solution File, Format Version 12.00
# Visual Studio Version 16
VisualStudioVersion = 16.0.29215.179
MinimumVisualStudioVersion = 10.0.40219.1
Project("{FAE04EC0-301F-11D3-BF4B-00C04F79EFBC}") = "GradientMethods", "GradientMethods\GradientMethods.csproj", "{A4D35AF0-A7E1-4DD8-898B-83D2E876F668}"
EndProject
Global
	GlobalSection(SolutionConfigurationPlatforms) = preSolution
		Debug|Any CPU = Debug|Any CPU
		Release|Any CPU = Release|Any CPU
	EndGlobalSection
	GlobalSection(ProjectConfigurationPlatforms) = postSolution
		{A4D35AF0-A7E1-4DD8-898B-83D2E876F668}.Debug|Any CPU.ActiveCfg = Debug|Any CPU
		{A4D35AF0-A7E1-4DD8-898B-83D2E876F668}.Debug|Any CPU.Build.0 = Debug|Any CPU
		{A4D35AF0-A7E1-4DD8-898B-83D2E876F668}.Release|Any CPU.ActiveCfg = Release|Any CPU
		{A4D35AF0-A7E1-4DD8-898B-83D2E876F668}.Release|Any CPU.Build.0 = Release|Any CPU
	EndGlobalSection
	GlobalSection(SolutionProperties) = preSolution
		HideSolutionNode = FALSE
	EndGlobalSection
	GlobalSection(ExtensibilityGlobals) = postSolution
		SolutionGuid = {E6D7B18E-B53D-4443-BCB7-7D87D0DBD3E2}
	EndGlobalSection
EndGlobal
