<<<<<<< HEAD
<<<<<<< HEAD
﻿
Microsoft Visual Studio Solution File, Format Version 12.00
# Visual Studio Version 16
VisualStudioVersion = 16.0.30804.86
MinimumVisualStudioVersion = 10.0.40219.1
Project("{888888A0-9F3D-457C-B088-3A5042F75D52}") = "25 python", "25 python\25 python.pyproj", "{7010FBCE-7D8C-46DD-83AB-772DA56D61D4}"
EndProject
Global
	GlobalSection(SolutionConfigurationPlatforms) = preSolution
		Debug|Any CPU = Debug|Any CPU
		Release|Any CPU = Release|Any CPU
	EndGlobalSection
	GlobalSection(ProjectConfigurationPlatforms) = postSolution
		{7010FBCE-7D8C-46DD-83AB-772DA56D61D4}.Debug|Any CPU.ActiveCfg = Debug|Any CPU
		{7010FBCE-7D8C-46DD-83AB-772DA56D61D4}.Release|Any CPU.ActiveCfg = Release|Any CPU
	EndGlobalSection
	GlobalSection(SolutionProperties) = preSolution
		HideSolutionNode = FALSE
	EndGlobalSection
	GlobalSection(ExtensibilityGlobals) = postSolution
		SolutionGuid = {0D37E175-134F-4A09-ABA0-1E73C35A38C9}
	EndGlobalSection
EndGlobal
=======
﻿
Microsoft Visual Studio Solution File, Format Version 12.00
# Visual Studio Version 16
VisualStudioVersion = 16.0.30804.86
MinimumVisualStudioVersion = 10.0.40219.1
Project("{888888A0-9F3D-457C-B088-3A5042F75D52}") = "25 python", "25 python\25 python.pyproj", "{7010FBCE-7D8C-46DD-83AB-772DA56D61D4}"
EndProject
Global
	GlobalSection(SolutionConfigurationPlatforms) = preSolution
		Debug|Any CPU = Debug|Any CPU
		Release|Any CPU = Release|Any CPU
	EndGlobalSection
	GlobalSection(ProjectConfigurationPlatforms) = postSolution
		{7010FBCE-7D8C-46DD-83AB-772DA56D61D4}.Debug|Any CPU.ActiveCfg = Debug|Any CPU
		{7010FBCE-7D8C-46DD-83AB-772DA56D61D4}.Release|Any CPU.ActiveCfg = Release|Any CPU
	EndGlobalSection
	GlobalSection(SolutionProperties) = preSolution
		HideSolutionNode = FALSE
	EndGlobalSection
	GlobalSection(ExtensibilityGlobals) = postSolution
		SolutionGuid = {0D37E175-134F-4A09-ABA0-1E73C35A38C9}
	EndGlobalSection
EndGlobal
>>>>>>> d92fc76f9dbe538603ac9ce7dbb4c932a85dd9f5
=======
﻿
Microsoft Visual Studio Solution File, Format Version 12.00
# Visual Studio Version 16
VisualStudioVersion = 16.0.30804.86
MinimumVisualStudioVersion = 10.0.40219.1
Project("{888888A0-9F3D-457C-B088-3A5042F75D52}") = "25 python", "25 python\25 python.pyproj", "{7010FBCE-7D8C-46DD-83AB-772DA56D61D4}"
EndProject
Global
	GlobalSection(SolutionConfigurationPlatforms) = preSolution
		Debug|Any CPU = Debug|Any CPU
		Release|Any CPU = Release|Any CPU
	EndGlobalSection
	GlobalSection(ProjectConfigurationPlatforms) = postSolution
		{7010FBCE-7D8C-46DD-83AB-772DA56D61D4}.Debug|Any CPU.ActiveCfg = Debug|Any CPU
		{7010FBCE-7D8C-46DD-83AB-772DA56D61D4}.Release|Any CPU.ActiveCfg = Release|Any CPU
	EndGlobalSection
	GlobalSection(SolutionProperties) = preSolution
		HideSolutionNode = FALSE
	EndGlobalSection
	GlobalSection(ExtensibilityGlobals) = postSolution
		SolutionGuid = {0D37E175-134F-4A09-ABA0-1E73C35A38C9}
	EndGlobalSection
EndGlobal
>>>>>>> d92fc76f9dbe538603ac9ce7dbb4c932a85dd9f5
