
Microsoft Visual Studio Solution File, Format Version 12.00
# Visual Studio Version 16
VisualStudioVersion = 16.0.31702.278
MinimumVisualStudioVersion = 10.0.40219.1
Project("{9A19103F-16F7-4668-BE54-9A1E7A4F7556}") = "ConsoleApp2", "ConsoleApp2\ConsoleApp2.csproj", "{02AFE59A-BA0B-4868-B2AE-EB50E1CB36A6}"
EndProject
Project("{2150E333-8FDC-42A3-9474-1A3956D46DE8}") = "Solution Items", "Solution Items", "{42AAAB14-14BC-4C99-ACEE-90380592BF72}"
	ProjectSection(SolutionItems) = preProject
		ConsoleApp2\bin\Debug\net5.0\DataFile.txt = ConsoleApp2\bin\Debug\net5.0\DataFile.txt
	EndProjectSection
EndProject
Global
	GlobalSection(SolutionConfigurationPlatforms) = preSolution
		Debug|Any CPU = Debug|Any CPU
		Release|Any CPU = Release|Any CPU
	EndGlobalSection
	GlobalSection(ProjectConfigurationPlatforms) = postSolution
		{02AFE59A-BA0B-4868-B2AE-EB50E1CB36A6}.Debug|Any CPU.ActiveCfg = Debug|Any CPU
		{02AFE59A-BA0B-4868-B2AE-EB50E1CB36A6}.Debug|Any CPU.Build.0 = Debug|Any CPU
		{02AFE59A-BA0B-4868-B2AE-EB50E1CB36A6}.Release|Any CPU.ActiveCfg = Release|Any CPU
		{02AFE59A-BA0B-4868-B2AE-EB50E1CB36A6}.Release|Any CPU.Build.0 = Release|Any CPU
	EndGlobalSection
	GlobalSection(SolutionProperties) = preSolution
		HideSolutionNode = FALSE
	EndGlobalSection
	GlobalSection(ExtensibilityGlobals) = postSolution
		SolutionGuid = {D9DF2AFD-33FC-4779-87B0-EDA9AD7DA06F}
	EndGlobalSection
EndGlobal
